{
  "requires": true,
  "lockfileVersion": 1,
  "dependencies": {
    "browser-image-compression": {
      "version": "0.0.3",
      "resolved": "https://registry.npmjs.org/browser-image-compression/-/browser-image-compression-0.0.3.tgz",
      "integrity": "sha512-g3hBiVkh2LiaehI5f53JRe+QoFPegwqMkrY2xmd/Y0mcoqoJlLB2bvgeMg/HoEx6uD3Wd8C7E87eTOY+bPDIyg=="
    }
  }
}
